// !$*UTF8*$!
{
	archiveVersion = 1;
	classes = {
	};
	objectVersion = 77;
	objects = {

/* Begin PBXContainerItemProxy section */
		0C9E2ADF2CA01AF100302914 /* PBXContainerItemProxy */ = {
			isa = PBXContainerItemProxy;
			containerPortal = 0C9E2AC62CA01AEF00302914 /* Project object */;
			proxyType = 1;
			remoteGlobalIDString = 0C9E2ACD2CA01AEF00302914;
			remoteInfo = TextReader;
		};
		0C9E2AE92CA01AF100302914 /* PBXContainerItemProxy */ = {
			isa = PBXContainerItemProxy;
			containerPortal = 0C9E2AC62CA01AEF00302914 /* Project object */;
			proxyType = 1;
			remoteGlobalIDString = 0C9E2ACD2CA01AEF00302914;
			remoteInfo = TextReader;
		};
/* End PBXContainerItemProxy section */

/* Begin PBXFileReference section */
		0C9E2ACE2CA01AEF00302914 /* TextReader.app */ = {isa = PBXFileReference; explicitFileType = wrapper.application; includeInIndex = 0; path = TextReader.app; sourceTree = BUILT_PRODUCTS_DIR; };
		0C9E2ADE2CA01AF100302914 /* TextReaderTests.xctest */ = {isa = PBXFileReference; explicitFileType = wrapper.cfbundle; includeInIndex = 0; path = TextReaderTests.xctest; sourceTree = BUILT_PRODUCTS_DIR; };
		0C9E2AE82CA01AF100302914 /* TextReaderUITests.xctest */ = {isa = PBXFileReference; explicitFileType = wrapper.cfbundle; includeInIndex = 0; path = TextReaderUITests.xctest; sourceTree = BUILT_PRODUCTS_DIR; };
/* End PBXFileReference section */

/* Begin PBXFileSystemSynchronizedBuildFileExceptionSet section */
		0C9E2B0B2CA087FA00302914 /* Exceptions for "TextReader" folder in "TextReader" target */ = {
			isa = PBXFileSystemSynchronizedBuildFileExceptionSet;
			membershipExceptions = (
				Info.plist,
			);
			target = 0C9E2ACD2CA01AEF00302914 /* TextReader */;
		};
/* End PBXFileSystemSynchronizedBuildFileExceptionSet section */

/* Begin PBXFileSystemSynchronizedRootGroup section */
		0C9E2AD02CA01AEF00302914 /* TextReader */ = {
			isa = PBXFileSystemSynchronizedRootGroup;
			exceptions = (
				0C9E2B0B2CA087FA00302914 /* Exceptions for "TextReader" folder in "TextReader" target */,
			);
			path = TextReader;
			sourceTree = "<group>";
		};
		0C9E2AE12CA01AF100302914 /* TextReaderTests */ = {
			isa = PBXFileSystemSynchronizedRootGroup;
			path = TextReaderTests;
			sourceTree = "<group>";
		};
		0C9E2AEB2CA01AF100302914 /* TextReaderUITests */ = {
			isa = PBXFileSystemSynchronizedRootGroup;
			path = TextReaderUITests;
			sourceTree = "<group>";
		};
/* End PBXFileSystemSynchronizedRootGroup section */

/* Begin PBXFrameworksBuildPhase section */
		0C9E2ACB2CA01AEF00302914 /* Frameworks */ = {
			isa = PBXFrameworksBuildPhase;
			buildActionMask = 2147483647;
			files = (
			);
			runOnlyForDeploymentPostprocessing = 0;
		};
		0C9E2ADB2CA01AF100302914 /* Frameworks */ = {
			isa = PBXFrameworksBuildPhase;
			buildActionMask = 2147483647;
			files = (
			);
			runOnlyForDeploymentPostprocessing = 0;
		};
		0C9E2AE52CA01AF100302914 /* Frameworks */ = {
			isa = PBXFrameworksBuildPhase;
			buildActionMask = 2147483647;
			files = (
			);
			runOnlyForDeploymentPostprocessing = 0;
		};
/* End PBXFrameworksBuildPhase section */

/* Begin PBXGroup section */
		0C9E2AC52CA01AEF00302914 = {
			isa = PBXGroup;
			children = (
				0C9E2AD02CA01AEF00302914 /* TextReader */,
				0C9E2AE12CA01AF100302914 /* TextReaderTests */,
				0C9E2AEB2CA01AF100302914 /* TextReaderUITests */,
				0C9E2ACF2CA01AEF00302914 /* Products */,
			);
			sourceTree = "<group>";
		};
		0C9E2ACF2CA01AEF00302914 /* Products */ = {
			isa = PBXGroup;
			children = (
				0C9E2ACE2CA01AEF00302914 /* TextReader.app */,
				0C9E2ADE2CA01AF100302914 /* TextReaderTests.xctest */,
				0C9E2AE82CA01AF100302914 /* TextReaderUITests.xctest */,
			);
			name = Products;
			sourceTree = "<group>";
		};
/* End PBXGroup section */

/* Begin PBXNativeTarget section */
		0C9E2ACD2CA01AEF00302914 /* TextReader */ = {
			isa = PBXNativeTarget;
			buildConfigurationList = 0C9E2AF22CA01AF100302914 /* Build configuration list for PBXNativeTarget "TextReader" */;
			buildPhases = (
				0C9E2ACA2CA01AEF00302914 /* Sources */,
				0C9E2ACB2CA01AEF00302914 /* Frameworks */,
				0C9E2ACC2CA01AEF00302914 /* Resources */,
			);
			buildRules = (
			);
			dependencies = (
			);
			fileSystemSynchronizedGroups = (
				0C9E2AD02CA01AEF00302914 /* TextReader */,
			);
			name = TextReader;
			packageProductDependencies = (
			);
			productName = TextReader;
			productReference = 0C9E2ACE2CA01AEF00302914 /* TextReader.app */;
			productType = "com.apple.product-type.application";
		};
		0C9E2ADD2CA01AF100302914 /* TextReaderTests */ = {
			isa = PBXNativeTarget;
			buildConfigurationList = 0C9E2AF52CA01AF100302914 /* Build configuration list for PBXNativeTarget "TextReaderTests" */;
			buildPhases = (
				0C9E2ADA2CA01AF100302914 /* Sources */,
				0C9E2ADB2CA01AF100302914 /* Frameworks */,
				0C9E2ADC2CA01AF100302914 /* Resources */,
			);
			buildRules = (
			);
			dependencies = (
				0C9E2AE02CA01AF100302914 /* PBXTargetDependency */,
			);
			fileSystemSynchronizedGroups = (
				0C9E2AE12CA01AF100302914 /* TextReaderTests */,
			);
			name = TextReaderTests;
			packageProductDependencies = (
			);
			productName = TextReaderTests;
			productReference = 0C9E2ADE2CA01AF100302914 /* TextReaderTests.xctest */;
			productType = "com.apple.product-type.bundle.unit-test";
		};
		0C9E2AE72CA01AF100302914 /* TextReaderUITests */ = {
			isa = PBXNativeTarget;
			buildConfigurationList = 0C9E2AF82CA01AF100302914 /* Build configuration list for PBXNativeTarget "TextReaderUITests" */;
			buildPhases = (
				0C9E2AE42CA01AF100302914 /* Sources */,
				0C9E2AE52CA01AF100302914 /* Frameworks */,
				0C9E2AE62CA01AF100302914 /* Resources */,
			);
			buildRules = (
			);
			dependencies = (
				0C9E2AEA2CA01AF100302914 /* PBXTargetDependency */,
			);
			fileSystemSynchronizedGroups = (
				0C9E2AEB2CA01AF100302914 /* TextReaderUITests */,
			);
			name = TextReaderUITests;
			packageProductDependencies = (
			);
			productName = TextReaderUITests;
			productReference = 0C9E2AE82CA01AF100302914 /* TextReaderUITests.xctest */;
			productType = "com.apple.product-type.bundle.ui-testing";
		};
/* End PBXNativeTarget section */

/* Begin PBXProject section */
		0C9E2AC62CA01AEF00302914 /* Project object */ = {
			isa = PBXProject;
			attributes = {
				BuildIndependentTargetsInParallel = 1;
				LastSwiftUpdateCheck = 1600;
				LastUpgradeCheck = 1600;
				TargetAttributes = {
					0C9E2ACD2CA01AEF00302914 = {
						CreatedOnToolsVersion = 16.0;
					};
					0C9E2ADD2CA01AF100302914 = {
						CreatedOnToolsVersion = 16.0;
						TestTargetID = 0C9E2ACD2CA01AEF00302914;
					};
					0C9E2AE72CA01AF100302914 = {
						CreatedOnToolsVersion = 16.0;
						TestTargetID = 0C9E2ACD2CA01AEF00302914;
					};
				};
			};
			buildConfigurationList = 0C9E2AC92CA01AEF00302914 /* Build configuration list for PBXProject "TextReader" */;
			developmentRegion = en;
			hasScannedForEncodings = 0;
			knownRegions = (
				en,
				Base,
			);
			mainGroup = 0C9E2AC52CA01AEF00302914;
			minimizedProjectReferenceProxies = 1;
			preferredProjectObjectVersion = 77;
			productRefGroup = 0C9E2ACF2CA01AEF00302914 /* Products */;
			projectDirPath = "";
			projectRoot = "";
			targets = (
				0C9E2ACD2CA01AEF00302914 /* TextReader */,
				0C9E2ADD2CA01AF100302914 /* TextReaderTests */,
				0C9E2AE72CA01AF100302914 /* TextReaderUITests */,
			);
		};
/* End PBXProject section */

/* Begin PBXResourcesBuildPhase section */
		0C9E2ACC2CA01AEF00302914 /* Resources */ = {
			isa = PBXResourcesBuildPhase;
			buildActionMask = 2147483647;
			files = (
			);
			runOnlyForDeploymentPostprocessing = 0;
		};
		0C9E2ADC2CA01AF100302914 /* Resources */ = {
			isa = PBXResourcesBuildPhase;
			buildActionMask = 2147483647;
			files = (
			);
			runOnlyForDeploymentPostprocessing = 0;
		};
		0C9E2AE62CA01AF100302914 /* Resources */ = {
			isa = PBXResourcesBuildPhase;
			buildActionMask = 2147483647;
			files = (
			);
			runOnlyForDeploymentPostprocessing = 0;
		};
/* End PBXResourcesBuildPhase section */

/* Begin PBXSourcesBuildPhase section */
		0C9E2ACA2CA01AEF00302914 /* Sources */ = {
			isa = PBXSourcesBuildPhase;
			buildActionMask = 2147483647;
			files = (
			);
			runOnlyForDeploymentPostprocessing = 0;
		};
		0C9E2ADA2CA01AF100302914 /* Sources */ = {
			isa = PBXSourcesBuildPhase;
			buildActionMask = 2147483647;
			files = (
			);
			runOnlyForDeploymentPostprocessing = 0;
		};
		0C9E2AE42CA01AF100302914 /* Sources */ = {
			isa = PBXSourcesBuildPhase;
			buildActionMask = 2147483647;
			files = (
			);
			runOnlyForDeploymentPostprocessing = 0;
		};
/* End PBXSourcesBuildPhase section */

/* Begin PBXTargetDependency section */
		0C9E2AE02CA01AF100302914 /* PBXTargetDependency */ = {
			isa = PBXTargetDependency;
			target = 0C9E2ACD2CA01AEF00302914 /* TextReader */;
			targetProxy = 0C9E2ADF2CA01AF100302914 /* PBXContainerItemProxy */;
		};
		0C9E2AEA2CA01AF100302914 /* PBXTargetDependency */ = {
			isa = PBXTargetDependency;
			target = 0C9E2ACD2CA01AEF00302914 /* TextReader */;
			targetProxy = 0C9E2AE92CA01AF100302914 /* PBXContainerItemProxy */;
		};
/* End PBXTargetDependency section */

/* Begin XCBuildConfiguration section */
		0C9E2AF02CA01AF100302914 /* Debug */ = {
			isa = XCBuildConfiguration;
			buildSettings = {
				ALWAYS_SEARCH_USER_PATHS = NO;
				ASSETCATALOG_COMPILER_GENERATE_SWIFT_ASSET_SYMBOL_EXTENSIONS = YES;
				CLANG_ANALYZER_NONNULL = YES;
				CLANG_ANALYZER_NUMBER_OBJECT_CONVERSION = YES_AGGRESSIVE;
				CLANG_CXX_LANGUAGE_STANDARD = "gnu++20";
				CLANG_ENABLE_MODULES = YES;
				CLANG_ENABLE_OBJC_ARC = YES;
				CLANG_ENABLE_OBJC_WEAK = YES;
				CLANG_WARN_BLOCK_CAPTURE_AUTORELEASING = YES;
				CLANG_WARN_BOOL_CONVERSION = YES;
				CLANG_WARN_COMMA = YES;
				CLANG_WARN_CONSTANT_CONVERSION = YES;
				CLANG_WARN_DEPRECATED_OBJC_IMPLEMENTATIONS = YES;
				CLANG_WARN_DIRECT_OBJC_ISA_USAGE = YES_ERROR;
				CLANG_WARN_DOCUMENTATION_COMMENTS = YES;
				CLANG_WARN_EMPTY_BODY = YES;
				CLANG_WARN_ENUM_CONVERSION = YES;
				CLANG_WARN_INFINITE_RECURSION = YES;
				CLANG_WARN_INT_CONVERSION = YES;
				CLANG_WARN_NON_LITERAL_NULL_CONVERSION = YES;
				CLANG_WARN_OBJC_IMPLICIT_RETAIN_SELF = YES;
				CLANG_WARN_OBJC_LITERAL_CONVERSION = YES;
				CLANG_WARN_OBJC_ROOT_CLASS = YES_ERROR;
				CLANG_WARN_QUOTED_INCLUDE_IN_FRAMEWORK_HEADER = YES;
				CLANG_WARN_RANGE_LOOP_ANALYSIS = YES;
				CLANG_WARN_STRICT_PROTOTYPES = YES;
				CLANG_WARN_SUSPICIOUS_MOVE = YES;
				CLANG_WARN_UNGUARDED_AVAILABILITY = YES_AGGRESSIVE;
				CLANG_WARN_UNREACHABLE_CODE = YES;
				CLANG_WARN__DUPLICATE_METHOD_MATCH = YES;
				COPY_PHASE_STRIP = NO;
				DEBUG_INFORMATION_FORMAT = dwarf;
				ENABLE_STRICT_OBJC_MSGSEND = YES;
				ENABLE_TESTABILITY = YES;
				ENABLE_USER_SCRIPT_SANDBOXING = YES;
				GCC_C_LANGUAGE_STANDARD = gnu17;
				GCC_DYNAMIC_NO_PIC = NO;
				GCC_NO_COMMON_BLOCKS = YES;
				GCC_OPTIMIZATION_LEVEL = 0;
				GCC_PREPROCESSOR_DEFINITIONS = (
					"DEBUG=1",
					"$(inherited)",
				);
				GCC_WARN_64_TO_32_BIT_CONVERSION = YES;
				GCC_WARN_ABOUT_RETURN_TYPE = YES_ERROR;
				GCC_WARN_UNDECLARED_SELECTOR = YES;
				GCC_WARN_UNINITIALIZED_AUTOS = YES_AGGRESSIVE;
				GCC_WARN_UNUSED_FUNCTION = YES;
				GCC_WARN_UNUSED_VARIABLE = YES;
				IPHONEOS_DEPLOYMENT_TARGET = 18.0;
				LOCALIZATION_PREFERS_STRING_CATALOGS = YES;
				MTL_ENABLE_DEBUG_INFO = INCLUDE_SOURCE;
				MTL_FAST_MATH = YES;
				ONLY_ACTIVE_ARCH = YES;
				SDKROOT = iphoneos;
				SWIFT_ACTIVE_COMPILATION_CONDITIONS = "DEBUG $(inherited)";
				SWIFT_OPTIMIZATION_LEVEL = "-Onone";
			};
			name = Debug;
		};
		0C9E2AF12CA01AF100302914 /* Release */ = {
			isa = XCBuildConfiguration;
			buildSettings = {
				ALWAYS_SEARCH_USER_PATHS = NO;
				ASSETCATALOG_COMPILER_GENERATE_SWIFT_ASSET_SYMBOL_EXTENSIONS = YES;
				CLANG_ANALYZER_NONNULL = YES;
				CLANG_ANALYZER_NUMBER_OBJECT_CONVERSION = YES_AGGRESSIVE;
				CLANG_CXX_LANGUAGE_STANDARD = "gnu++20";
				CLANG_ENABLE_MODULES = YES;
				CLANG_ENABLE_OBJC_ARC = YES;
				CLANG_ENABLE_OBJC_WEAK = YES;
				CLANG_WARN_BLOCK_CAPTURE_AUTORELEASING = YES;
				CLANG_WARN_BOOL_CONVERSION = YES;
				CLANG_WARN_COMMA = YES;
				CLANG_WARN_CONSTANT_CONVERSION = YES;
				CLANG_WARN_DEPRECATED_OBJC_IMPLEMENTATIONS = YES;
				CLANG_WARN_DIRECT_OBJC_ISA_USAGE = YES_ERROR;
				CLANG_WARN_DOCUMENTATION_COMMENTS = YES;
				CLANG_WARN_EMPTY_BODY = YES;
				CLANG_WARN_ENUM_CONVERSION = YES;
				CLANG_WARN_INFINITE_RECURSION = YES;
				CLANG_WARN_INT_CONVERSION = YES;
				CLANG_WARN_NON_LITERAL_NULL_CONVERSION = YES;
				CLANG_WARN_OBJC_IMPLICIT_RETAIN_SELF = YES;
				CLANG_WARN_OBJC_LITERAL_CONVERSION = YES;
				CLANG_WARN_OBJC_ROOT_CLASS = YES_ERROR;
				CLANG_WARN_QUOTED_INCLUDE_IN_FRAMEWORK_HEADER = YES;
				CLANG_WARN_RANGE_LOOP_ANALYSIS = YES;
				CLANG_WARN_STRICT_PROTOTYPES = YES;
				CLANG_WARN_SUSPICIOUS_MOVE = YES;
				CLANG_WARN_UNGUARDED_AVAILABILITY = YES_AGGRESSIVE;
				CLANG_WARN_UNREACHABLE_CODE = YES;
				CLANG_WARN__DUPLICATE_METHOD_MATCH = YES;
				COPY_PHASE_STRIP = NO;
				DEBUG_INFORMATION_FORMAT = "dwarf-with-dsym";
				ENABLE_NS_ASSERTIONS = NO;
				ENABLE_STRICT_OBJC_MSGSEND = YES;
				ENABLE_USER_SCRIPT_SANDBOXING = YES;
				GCC_C_LANGUAGE_STANDARD = gnu17;
				GCC_NO_COMMON_BLOCKS = YES;
				GCC_WARN_64_TO_32_BIT_CONVERSION = YES;
				GCC_WARN_ABOUT_RETURN_TYPE = YES_ERROR;
				GCC_WARN_UNDECLARED_SELECTOR = YES;
				GCC_WARN_UNINITIALIZED_AUTOS = YES_AGGRESSIVE;
				GCC_WARN_UNUSED_FUNCTION = YES;
				GCC_WARN_UNUSED_VARIABLE = YES;
				IPHONEOS_DEPLOYMENT_TARGET = 18.0;
				LOCALIZATION_PREFERS_STRING_CATALOGS = YES;
				MTL_ENABLE_DEBUG_INFO = NO;
				MTL_FAST_MATH = YES;
				SDKROOT = iphoneos;
				SWIFT_COMPILATION_MODE = wholemodule;
				VALIDATE_PRODUCT = YES;
			};
			name = Release;
		};
		0C9E2AF32CA01AF100302914 /* Debug */ = {
			isa = XCBuildConfiguration;
			buildSettings = {
				ASSETCATALOG_COMPILER_APPICON_NAME = AppIcon;
				ASSETCATALOG_COMPILER_GLOBAL_ACCENT_COLOR_NAME = AccentColor;
				CODE_SIGN_ENTITLEMENTS = TextReader/TextReader.entitlements;
				CODE_SIGN_STYLE = Automatic;
				CURRENT_PROJECT_VERSION = 1;
				DEVELOPMENT_ASSET_PATHS = "\"TextReader/Preview Content\"";
				DEVELOPMENT_TEAM = 6KH2T566FP;
				ENABLE_PREVIEWS = YES;
				GENERATE_INFOPLIST_FILE = YES;
				INFOPLIST_FILE = TextReader/Info.plist;
				INFOPLIST_KEY_CFBundleDisplayName = "读书";
				INFOPLIST_KEY_LSApplicationCategoryType = "public.app-category.books";
				INFOPLIST_KEY_UIApplicationSceneManifest_Generation = YES;
				INFOPLIST_KEY_UIApplicationSupportsIndirectInputEvents = YES;
				INFOPLIST_KEY_UILaunchScreen_Generation = YES;
				INFOPLIST_KEY_UISupportedInterfaceOrientations_iPad = "UIInterfaceOrientationPortrait UIInterfaceOrientationPortraitUpsideDown UIInterfaceOrientationLandscapeLeft UIInterfaceOrientationLandscapeRight";
				INFOPLIST_KEY_UISupportedInterfaceOrientations_iPhone = "UIInterfaceOrientationPortrait UIInterfaceOrientationLandscapeLeft UIInterfaceOrientationLandscapeRight";
				IPHONEOS_DEPLOYMENT_TARGET = 18.0;
				LD_RUNPATH_SEARCH_PATHS = (
					"$(inherited)",
					"@executable_path/Frameworks",
				);
				MARKETING_VERSION = 1.0;
				PRODUCT_BUNDLE_IDENTIFIER = cn.1pointech.www.TextReader;
				PRODUCT_NAME = "$(TARGET_NAME)";
				SWIFT_EMIT_LOC_STRINGS = YES;
				SWIFT_VERSION = 5.0;
				TARGETED_DEVICE_FAMILY = "1,2";
			};
			name = Debug;
		};
		0C9E2AF42CA01AF100302914 /* Release */ = {
			isa = XCBuildConfiguration;
			buildSettings = {
				ASSETCATALOG_COMPILER_APPICON_NAME = AppIcon;
				ASSETCATALOG_COMPILER_GLOBAL_ACCENT_COLOR_NAME = AccentColor;
				CODE_SIGN_ENTITLEMENTS = TextReader/TextReader.entitlements;
				CODE_SIGN_STYLE = Automatic;
				CURRENT_PROJECT_VERSION = 1;
				DEVELOPMENT_ASSET_PATHS = "\"TextReader/Preview Content\"";
				DEVELOPMENT_TEAM = 6KH2T566FP;
				ENABLE_PREVIEWS = YES;
				GENERATE_INFOPLIST_FILE = YES;
				INFOPLIST_FILE = TextReader/Info.plist;
				INFOPLIST_KEY_CFBundleDisplayName = "读书";
				INFOPLIST_KEY_LSApplicationCategoryType = "public.app-category.books";
				INFOPLIST_KEY_UIApplicationSceneManifest_Generation = YES;
				INFOPLIST_KEY_UIApplicationSupportsIndirectInputEvents = YES;
				INFOPLIST_KEY_UILaunchScreen_Generation = YES;
				INFOPLIST_KEY_UISupportedInterfaceOrientations_iPad = "UIInterfaceOrientationPortrait UIInterfaceOrientationPortraitUpsideDown UIInterfaceOrientationLandscapeLeft UIInterfaceOrientationLandscapeRight";
				INFOPLIST_KEY_UISupportedInterfaceOrientations_iPhone = "UIInterfaceOrientationPortrait UIInterfaceOrientationLandscapeLeft UIInterfaceOrientationLandscapeRight";
				IPHONEOS_DEPLOYMENT_TARGET = 18.0;
				LD_RUNPATH_SEARCH_PATHS = (
					"$(inherited)",
					"@executable_path/Frameworks",
				);
				MARKETING_VERSION = 1.0;
				PRODUCT_BUNDLE_IDENTIFIER = cn.1pointech.www.TextReader;
				PRODUCT_NAME = "$(TARGET_NAME)";
				SWIFT_EMIT_LOC_STRINGS = YES;
				SWIFT_VERSION = 5.0;
				TARGETED_DEVICE_FAMILY = "1,2";
			};
			name = Release;
		};
		0C9E2AF62CA01AF100302914 /* Debug */ = {
			isa = XCBuildConfiguration;
			buildSettings = {
				BUNDLE_LOADER = "$(TEST_HOST)";
				CODE_SIGN_STYLE = Automatic;
				CURRENT_PROJECT_VERSION = 1;
				DEVELOPMENT_TEAM = 6KH2T566FP;
				GENERATE_INFOPLIST_FILE = YES;
				IPHONEOS_DEPLOYMENT_TARGET = 18.0;
				MARKETING_VERSION = 1.0;
				PRODUCT_BUNDLE_IDENTIFIER = cn.1pointech.www.TextReaderTests;
				PRODUCT_NAME = "$(TARGET_NAME)";
				SWIFT_EMIT_LOC_STRINGS = NO;
				SWIFT_VERSION = 5.0;
				TARGETED_DEVICE_FAMILY = "1,2";
				TEST_HOST = "$(BUILT_PRODUCTS_DIR)/TextReader.app/$(BUNDLE_EXECUTABLE_FOLDER_PATH)/TextReader";
			};
			name = Debug;
		};
		0C9E2AF72CA01AF100302914 /* Release */ = {
			isa = XCBuildConfiguration;
			buildSettings = {
				BUNDLE_LOADER = "$(TEST_HOST)";
				CODE_SIGN_STYLE = Automatic;
				CURRENT_PROJECT_VERSION = 1;
				DEVELOPMENT_TEAM = 6KH2T566FP;
				GENERATE_INFOPLIST_FILE = YES;
				IPHONEOS_DEPLOYMENT_TARGET = 18.0;
				MARKETING_VERSION = 1.0;
				PRODUCT_BUNDLE_IDENTIFIER = cn.1pointech.www.TextReaderTests;
				PRODUCT_NAME = "$(TARGET_NAME)";
				SWIFT_EMIT_LOC_STRINGS = NO;
				SWIFT_VERSION = 5.0;
				TARGETED_DEVICE_FAMILY = "1,2";
				TEST_HOST = "$(BUILT_PRODUCTS_DIR)/TextReader.app/$(BUNDLE_EXECUTABLE_FOLDER_PATH)/TextReader";
			};
			name = Release;
		};
		0C9E2AF92CA01AF100302914 /* Debug */ = {
			isa = XCBuildConfiguration;
			buildSettings = {
				CODE_SIGN_STYLE = Automatic;
				CURRENT_PROJECT_VERSION = 1;
				DEVELOPMENT_TEAM = 6KH2T566FP;
				GENERATE_INFOPLIST_FILE = YES;
				MARKETING_VERSION = 1.0;
				PRODUCT_BUNDLE_IDENTIFIER = cn.1pointech.www.TextReaderUITests;
				PRODUCT_NAME = "$(TARGET_NAME)";
				SWIFT_EMIT_LOC_STRINGS = NO;
				SWIFT_VERSION = 5.0;
				TARGETED_DEVICE_FAMILY = "1,2";
				TEST_TARGET_NAME = TextReader;
			};
			name = Debug;
		};
		0C9E2AFA2CA01AF100302914 /* Release */ = {
			isa = XCBuildConfiguration;
			buildSettings = {
				CODE_SIGN_STYLE = Automatic;
				CURRENT_PROJECT_VERSION = 1;
				DEVELOPMENT_TEAM = 6KH2T566FP;
				GENERATE_INFOPLIST_FILE = YES;
				MARKETING_VERSION = 1.0;
				PRODUCT_BUNDLE_IDENTIFIER = cn.1pointech.www.TextReaderUITests;
				PRODUCT_NAME = "$(TARGET_NAME)";
				SWIFT_EMIT_LOC_STRINGS = NO;
				SWIFT_VERSION = 5.0;
				TARGETED_DEVICE_FAMILY = "1,2";
				TEST_TARGET_NAME = TextReader;
			};
			name = Release;
		};
/* End XCBuildConfiguration section */

/* Begin XCConfigurationList section */
		0C9E2AC92CA01AEF00302914 /* Build configuration list for PBXProject "TextReader" */ = {
			isa = XCConfigurationList;
			buildConfigurations = (
				0C9E2AF02CA01AF100302914 /* Debug */,
				0C9E2AF12CA01AF100302914 /* Release */,
			);
			defaultConfigurationIsVisible = 0;
			defaultConfigurationName = Release;
		};
		0C9E2AF22CA01AF100302914 /* Build configuration list for PBXNativeTarget "TextReader" */ = {
			isa = XCConfigurationList;
			buildConfigurations = (
				0C9E2AF32CA01AF100302914 /* Debug */,
				0C9E2AF42CA01AF100302914 /* Release */,
			);
			defaultConfigurationIsVisible = 0;
			defaultConfigurationName = Release;
		};
		0C9E2AF52CA01AF100302914 /* Build configuration list for PBXNativeTarget "TextReaderTests" */ = {
			isa = XCConfigurationList;
			buildConfigurations = (
				0C9E2AF62CA01AF100302914 /* Debug */,
				0C9E2AF72CA01AF100302914 /* Release */,
			);
			defaultConfigurationIsVisible = 0;
			defaultConfigurationName = Release;
		};
		0C9E2AF82CA01AF100302914 /* Build configuration list for PBXNativeTarget "TextReaderUITests" */ = {
			isa = XCConfigurationList;
			buildConfigurations = (
				0C9E2AF92CA01AF100302914 /* Debug */,
				0C9E2AFA2CA01AF100302914 /* Release */,
			);
			defaultConfigurationIsVisible = 0;
			defaultConfigurationName = Release;
		};
/* End XCConfigurationList section */
	};
	rootObject = 0C9E2AC62CA01AEF00302914 /* Project object */;
}
